// !$*UTF8*$!
{
	archiveVersion = 1;
	classes = {
	};
	objectVersion = 48;
	objects = {

/* Begin PBXBuildFile section */
		AE0FF6C42069E8F30075D7B6 /* ViewController.storyboard in Resources */ = {isa = PBXBuildFile; fileRef = AE0FF6C32069E8F30075D7B6 /* ViewController.storyboard */; };
		AE0FF6C72069E9750075D7B6 /* VC2.m in Sources */ = {isa = PBXBuildFile; fileRef = AE0FF6C62069E9750075D7B6 /* VC2.m */; };
		AE0FF6C92069E98F0075D7B6 /* VC2.storyboard in Resources */ = {isa = PBXBuildFile; fileRef = AE0FF6C82069E98F0075D7B6 /* VC2.storyboard */; };
		AEA616531FE752F600FCE42B /* AppDelegate.m in Sources */ = {isa = PBXBuildFile; fileRef = AEA616521FE752F600FCE42B /* AppDelegate.m */; };
		AEA616561FE752F600FCE42B /* ViewController.m in Sources */ = {isa = PBXBuildFile; fileRef = AEA616551FE752F600FCE42B /* ViewController.m */; };
		AEA616591FE752F600FCE42B /* Main.storyboard in Resources */ = {isa = PBXBuildFile; fileRef = AEA616571FE752F600FCE42B /* Main.storyboard */; };
		AEA6165B1FE752F600FCE42B /* Assets.xcassets in Resources */ = {isa = PBXBuildFile; fileRef = AEA6165A1FE752F600FCE42B /* Assets.xcassets */; };
		AEA6165E1FE752F600FCE42B /* LaunchScreen.storyboard in Resources */ = {isa = PBXBuildFile; fileRef = AEA6165C1FE752F600FCE42B /* LaunchScreen.storyboard */; };
		AEA616611FE752F600FCE42B /* main.m in Sources */ = {isa = PBXBuildFile; fileRef = AEA616601FE752F600FCE42B /* main.m */; };
		AEA6166B1FE752F600FCE42B /* runtime_testTests.m in Sources */ = {isa = PBXBuildFile; fileRef = AEA6166A1FE752F600FCE42B /* runtime_testTests.m */; };
		AEA616761FE752F600FCE42B /* runtime_testUITests.m in Sources */ = {isa = PBXBuildFile; fileRef = AEA616751FE752F600FCE42B /* runtime_testUITests.m */; };
		AEA616861FE7532A00FCE42B /* Animal.m in Sources */ = {isa = PBXBuildFile; fileRef = AEA616851FE7532900FCE42B /* Animal.m */; };
		AEA616891FE7533E00FCE42B /* Dog.m in Sources */ = {isa = PBXBuildFile; fileRef = AEA616881FE7533E00FCE42B /* Dog.m */; };
/* End PBXBuildFile section */

/* Begin PBXContainerItemProxy section */
		AEA616671FE752F600FCE42B /* PBXContainerItemProxy */ = {
			isa = PBXContainerItemProxy;
			containerPortal = AEA616461FE752F600FCE42B /* Project object */;
			proxyType = 1;
			remoteGlobalIDString = AEA6164D1FE752F600FCE42B;
			remoteInfo = runtime_test;
		};
		AEA616721FE752F600FCE42B /* PBXContainerItemProxy */ = {
			isa = PBXContainerItemProxy;
			containerPortal = AEA616461FE752F600FCE42B /* Project object */;
			proxyType = 1;
			remoteGlobalIDString = AEA6164D1FE752F600FCE42B;
			remoteInfo = runtime_test;
		};
/* End PBXContainerItemProxy section */

/* Begin PBXFileReference section */
		AE0FF6C32069E8F30075D7B6 /* ViewController.storyboard */ = {isa = PBXFileReference; fileEncoding = 4; lastKnownFileType = file.storyboard; path = ViewController.storyboard; sourceTree = "<group>"; };
		AE0FF6C52069E9750075D7B6 /* VC2.h */ = {isa = PBXFileReference; lastKnownFileType = sourcecode.c.h; path = VC2.h; sourceTree = "<group>"; };
		AE0FF6C62069E9750075D7B6 /* VC2.m */ = {isa = PBXFileReference; lastKnownFileType = sourcecode.c.objc; path = VC2.m; sourceTree = "<group>"; };
		AE0FF6C82069E98F0075D7B6 /* VC2.storyboard */ = {isa = PBXFileReference; fileEncoding = 4; lastKnownFileType = file.storyboard; path = VC2.storyboard; sourceTree = "<group>"; };
		AEA6164E1FE752F600FCE42B /* runtime_test.app */ = {isa = PBXFileReference; explicitFileType = wrapper.application; includeInIndex = 0; path = runtime_test.app; sourceTree = BUILT_PRODUCTS_DIR; };
		AEA616511FE752F600FCE42B /* AppDelegate.h */ = {isa = PBXFileReference; lastKnownFileType = sourcecode.c.h; path = AppDelegate.h; sourceTree = "<group>"; };
		AEA616521FE752F600FCE42B /* AppDelegate.m */ = {isa = PBXFileReference; lastKnownFileType = sourcecode.c.objc; path = AppDelegate.m; sourceTree = "<group>"; };
		AEA616541FE752F600FCE42B /* ViewController.h */ = {isa = PBXFileReference; lastKnownFileType = sourcecode.c.h; path = ViewController.h; sourceTree = "<group>"; };
		AEA616551FE752F600FCE42B /* ViewController.m */ = {isa = PBXFileReference; lastKnownFileType = sourcecode.c.objc; path = ViewController.m; sourceTree = "<group>"; };
		AEA616581FE752F600FCE42B /* Base */ = {isa = PBXFileReference; lastKnownFileType = file.storyboard; name = Base; path = Base.lproj/Main.storyboard; sourceTree = "<group>"; };
		AEA6165A1FE752F600FCE42B /* Assets.xcassets */ = {isa = PBXFileReference; lastKnownFileType = folder.assetcatalog; path = Assets.xcassets; sourceTree = "<group>"; };
		AEA6165D1FE752F600FCE42B /* Base */ = {isa = PBXFileReference; lastKnownFileType = file.storyboard; name = Base; path = Base.lproj/LaunchScreen.storyboard; sourceTree = "<group>"; };
		AEA6165F1FE752F600FCE42B /* Info.plist */ = {isa = PBXFileReference; lastKnownFileType = text.plist.xml; path = Info.plist; sourceTree = "<group>"; };
		AEA616601FE752F600FCE42B /* main.m */ = {isa = PBXFileReference; lastKnownFileType = sourcecode.c.objc; path = main.m; sourceTree = "<group>"; };
		AEA616661FE752F600FCE42B /* runtime_testTests.xctest */ = {isa = PBXFileReference; explicitFileType = wrapper.cfbundle; includeInIndex = 0; path = runtime_testTests.xctest; sourceTree = BUILT_PRODUCTS_DIR; };
		AEA6166A1FE752F600FCE42B /* runtime_testTests.m */ = {isa = PBXFileReference; lastKnownFileType = sourcecode.c.objc; path = runtime_testTests.m; sourceTree = "<group>"; };
		AEA6166C1FE752F600FCE42B /* Info.plist */ = {isa = PBXFileReference; lastKnownFileType = text.plist.xml; path = Info.plist; sourceTree = "<group>"; };
		AEA616711FE752F600FCE42B /* runtime_testUITests.xctest */ = {isa = PBXFileReference; explicitFileType = wrapper.cfbundle; includeInIndex = 0; path = runtime_testUITests.xctest; sourceTree = BUILT_PRODUCTS_DIR; };
		AEA616751FE752F600FCE42B /* runtime_testUITests.m */ = {isa = PBXFileReference; lastKnownFileType = sourcecode.c.objc; path = runtime_testUITests.m; sourceTree = "<group>"; };
		AEA616771FE752F600FCE42B /* Info.plist */ = {isa = PBXFileReference; lastKnownFileType = text.plist.xml; path = Info.plist; sourceTree = "<group>"; };
		AEA616841FE7532900FCE42B /* Animal.h */ = {isa = PBXFileReference; lastKnownFileType = sourcecode.c.h; path = Animal.h; sourceTree = "<group>"; };
		AEA616851FE7532900FCE42B /* Animal.m */ = {isa = PBXFileReference; lastKnownFileType = sourcecode.c.objc; path = Animal.m; sourceTree = "<group>"; };
		AEA616871FE7533E00FCE42B /* Dog.h */ = {isa = PBXFileReference; lastKnownFileType = sourcecode.c.h; path = Dog.h; sourceTree = "<group>"; };
		AEA616881FE7533E00FCE42B /* Dog.m */ = {isa = PBXFileReference; lastKnownFileType = sourcecode.c.objc; path = Dog.m; sourceTree = "<group>"; };
/* End PBXFileReference section */

/* Begin PBXFrameworksBuildPhase section */
		AEA6164B1FE752F600FCE42B /* Frameworks */ = {
			isa = PBXFrameworksBuildPhase;
			buildActionMask = 2147483647;
			files = (
			);
			runOnlyForDeploymentPostprocessing = 0;
		};
		AEA616631FE752F600FCE42B /* Frameworks */ = {
			isa = PBXFrameworksBuildPhase;
			buildActionMask = 2147483647;
			files = (
			);
			runOnlyForDeploymentPostprocessing = 0;
		};
		AEA6166E1FE752F600FCE42B /* Frameworks */ = {
			isa = PBXFrameworksBuildPhase;
			buildActionMask = 2147483647;
			files = (
			);
			runOnlyForDeploymentPostprocessing = 0;
		};
/* End PBXFrameworksBuildPhase section */

/* Begin PBXGroup section */
		AE0FF6C22069E8C10075D7B6 /* ViewController */ = {
			isa = PBXGroup;
			children = (
				AEA616541FE752F600FCE42B /* ViewController.h */,
				AEA616551FE752F600FCE42B /* ViewController.m */,
				AE0FF6C32069E8F30075D7B6 /* ViewController.storyboard */,
				AE0FF6C52069E9750075D7B6 /* VC2.h */,
				AE0FF6C62069E9750075D7B6 /* VC2.m */,
				AE0FF6C82069E98F0075D7B6 /* VC2.storyboard */,
			);
			path = ViewController;
			sourceTree = "<group>";
		};
		AEA616451FE752F600FCE42B = {
			isa = PBXGroup;
			children = (
				AEA616501FE752F600FCE42B /* runtime_test */,
				AEA616691FE752F600FCE42B /* runtime_testTests */,
				AEA616741FE752F600FCE42B /* runtime_testUITests */,
				AEA6164F1FE752F600FCE42B /* Products */,
			);
			sourceTree = "<group>";
		};
		AEA6164F1FE752F600FCE42B /* Products */ = {
			isa = PBXGroup;
			children = (
				AEA6164E1FE752F600FCE42B /* runtime_test.app */,
				AEA616661FE752F600FCE42B /* runtime_testTests.xctest */,
				AEA616711FE752F600FCE42B /* runtime_testUITests.xctest */,
			);
			name = Products;
			sourceTree = "<group>";
		};
		AEA616501FE752F600FCE42B /* runtime_test */ = {
			isa = PBXGroup;
			children = (
				AE0FF6C22069E8C10075D7B6 /* ViewController */,
				AEA616831FE7530200FCE42B /* objc_class */,
				AEA616511FE752F600FCE42B /* AppDelegate.h */,
				AEA616521FE752F600FCE42B /* AppDelegate.m */,
				AEA616571FE752F600FCE42B /* Main.storyboard */,
				AEA6165A1FE752F600FCE42B /* Assets.xcassets */,
				AEA6165C1FE752F600FCE42B /* LaunchScreen.storyboard */,
				AEA6165F1FE752F600FCE42B /* Info.plist */,
				AEA616601FE752F600FCE42B /* main.m */,
			);
			path = runtime_test;
			sourceTree = "<group>";
		};
		AEA616691FE752F600FCE42B /* runtime_testTests */ = {
			isa = PBXGroup;
			children = (
				AEA6166A1FE752F600FCE42B /* runtime_testTests.m */,
				AEA6166C1FE752F600FCE42B /* Info.plist */,
			);
			path = runtime_testTests;
			sourceTree = "<group>";
		};
		AEA616741FE752F600FCE42B /* runtime_testUITests */ = {
			isa = PBXGroup;
			children = (
				AEA616751FE752F600FCE42B /* runtime_testUITests.m */,
				AEA616771FE752F600FCE42B /* Info.plist */,
			);
			path = runtime_testUITests;
			sourceTree = "<group>";
		};
		AEA616831FE7530200FCE42B /* objc_class */ = {
			isa = PBXGroup;
			children = (
				AEA616841FE7532900FCE42B /* Animal.h */,
				AEA616851FE7532900FCE42B /* Animal.m */,
				AEA616871FE7533E00FCE42B /* Dog.h */,
				AEA616881FE7533E00FCE42B /* Dog.m */,
			);
			path = objc_class;
			sourceTree = "<group>";
		};
/* End PBXGroup section */

/* Begin PBXNativeTarget section */
		AEA6164D1FE752F600FCE42B /* runtime_test */ = {
			isa = PBXNativeTarget;
			buildConfigurationList = AEA6167A1FE752F600FCE42B /* Build configuration list for PBXNativeTarget "runtime_test" */;
			buildPhases = (
				AEA6164A1FE752F600FCE42B /* Sources */,
				AEA6164B1FE752F600FCE42B /* Frameworks */,
				AEA6164C1FE752F600FCE42B /* Resources */,
			);
			buildRules = (
			);
			dependencies = (
			);
			name = runtime_test;
			productName = runtime_test;
			productReference = AEA6164E1FE752F600FCE42B /* runtime_test.app */;
			productType = "com.apple.product-type.application";
		};
		AEA616651FE752F600FCE42B /* runtime_testTests */ = {
			isa = PBXNativeTarget;
			buildConfigurationList = AEA6167D1FE752F600FCE42B /* Build configuration list for PBXNativeTarget "runtime_testTests" */;
			buildPhases = (
				AEA616621FE752F600FCE42B /* Sources */,
				AEA616631FE752F600FCE42B /* Frameworks */,
				AEA616641FE752F600FCE42B /* Resources */,
			);
			buildRules = (
			);
			dependencies = (
				AEA616681FE752F600FCE42B /* PBXTargetDependency */,
			);
			name = runtime_testTests;
			productName = runtime_testTests;
			productReference = AEA616661FE752F600FCE42B /* runtime_testTests.xctest */;
			productType = "com.apple.product-type.bundle.unit-test";
		};
		AEA616701FE752F600FCE42B /* runtime_testUITests */ = {
			isa = PBXNativeTarget;
			buildConfigurationList = AEA616801FE752F600FCE42B /* Build configuration list for PBXNativeTarget "runtime_testUITests" */;
			buildPhases = (
				AEA6166D1FE752F600FCE42B /* Sources */,
				AEA6166E1FE752F600FCE42B /* Frameworks */,
				AEA6166F1FE752F600FCE42B /* Resources */,
			);
			buildRules = (
			);
			dependencies = (
				AEA616731FE752F600FCE42B /* PBXTargetDependency */,
			);
			name = runtime_testUITests;
			productName = runtime_testUITests;
			productReference = AEA616711FE752F600FCE42B /* runtime_testUITests.xctest */;
			productType = "com.apple.product-type.bundle.ui-testing";
		};
/* End PBXNativeTarget section */

/* Begin PBXProject section */
		AEA616461FE752F600FCE42B /* Project object */ = {
			isa = PBXProject;
			attributes = {
				LastUpgradeCheck = 0900;
				ORGANIZATIONNAME = YangJie;
				TargetAttributes = {
					AEA6164D1FE752F600FCE42B = {
						CreatedOnToolsVersion = 9.0;
						ProvisioningStyle = Automatic;
					};
					AEA616651FE752F600FCE42B = {
						CreatedOnToolsVersion = 9.0;
						ProvisioningStyle = Automatic;
						TestTargetID = AEA6164D1FE752F600FCE42B;
					};
					AEA616701FE752F600FCE42B = {
						CreatedOnToolsVersion = 9.0;
						ProvisioningStyle = Automatic;
						TestTargetID = AEA6164D1FE752F600FCE42B;
					};
				};
			};
			buildConfigurationList = AEA616491FE752F600FCE42B /* Build configuration list for PBXProject "runtime_test" */;
			compatibilityVersion = "Xcode 8.0";
			developmentRegion = en;
			hasScannedForEncodings = 0;
			knownRegions = (
				en,
				Base,
			);
			mainGroup = AEA616451FE752F600FCE42B;
			productRefGroup = AEA6164F1FE752F600FCE42B /* Products */;
			projectDirPath = "";
			projectRoot = "";
			targets = (
				AEA6164D1FE752F600FCE42B /* runtime_test */,
				AEA616651FE752F600FCE42B /* runtime_testTests */,
				AEA616701FE752F600FCE42B /* runtime_testUITests */,
			);
		};
/* End PBXProject section */

/* Begin PBXResourcesBuildPhase section */
		AEA6164C1FE752F600FCE42B /* Resources */ = {
			isa = PBXResourcesBuildPhase;
			buildActionMask = 2147483647;
			files = (
				AEA6165E1FE752F600FCE42B /* LaunchScreen.storyboard in Resources */,
				AEA6165B1FE752F600FCE42B /* Assets.xcassets in Resources */,
				AE0FF6C92069E98F0075D7B6 /* VC2.storyboard in Resources */,
				AEA616591FE752F600FCE42B /* Main.storyboard in Resources */,
				AE0FF6C42069E8F30075D7B6 /* ViewController.storyboard in Resources */,
			);
			runOnlyForDeploymentPostprocessing = 0;
		};
		AEA616641FE752F600FCE42B /* Resources */ = {
			isa = PBXResourcesBuildPhase;
			buildActionMask = 2147483647;
			files = (
			);
			runOnlyForDeploymentPostprocessing = 0;
		};
		AEA6166F1FE752F600FCE42B /* Resources */ = {
			isa = PBXResourcesBuildPhase;
			buildActionMask = 2147483647;
			files = (
			);
			runOnlyForDeploymentPostprocessing = 0;
		};
/* End PBXResourcesBuildPhase section */

/* Begin PBXSourcesBuildPhase section */
		AEA6164A1FE752F600FCE42B /* Sources */ = {
			isa = PBXSourcesBuildPhase;
			buildActionMask = 2147483647;
			files = (
				AEA616561FE752F600FCE42B /* ViewController.m in Sources */,
				AEA616861FE7532A00FCE42B /* Animal.m in Sources */,
				AEA616891FE7533E00FCE42B /* Dog.m in Sources */,
				AE0FF6C72069E9750075D7B6 /* VC2.m in Sources */,
				AEA616611FE752F600FCE42B /* main.m in Sources */,
				AEA616531FE752F600FCE42B /* AppDelegate.m in Sources */,
			);
			runOnlyForDeploymentPostprocessing = 0;
		};
		AEA616621FE752F600FCE42B /* Sources */ = {
			isa = PBXSourcesBuildPhase;
			buildActionMask = 2147483647;
			files = (
				AEA6166B1FE752F600FCE42B /* runtime_testTests.m in Sources */,
			);
			runOnlyForDeploymentPostprocessing = 0;
		};
		AEA6166D1FE752F600FCE42B /* Sources */ = {
			isa = PBXSourcesBuildPhase;
			buildActionMask = 2147483647;
			files = (
				AEA616761FE752F600FCE42B /* runtime_testUITests.m in Sources */,
			);
			runOnlyForDeploymentPostprocessing = 0;
		};
/* End PBXSourcesBuildPhase section */

/* Begin PBXTargetDependency section */
		AEA616681FE752F600FCE42B /* PBXTargetDependency */ = {
			isa = PBXTargetDependency;
			target = AEA6164D1FE752F600FCE42B /* runtime_test */;
			targetProxy = AEA616671FE752F600FCE42B /* PBXContainerItemProxy */;
		};
		AEA616731FE752F600FCE42B /* PBXTargetDependency */ = {
			isa = PBXTargetDependency;
			target = AEA6164D1FE752F600FCE42B /* runtime_test */;
			targetProxy = AEA616721FE752F600FCE42B /* PBXContainerItemProxy */;
		};
/* End PBXTargetDependency section */

/* Begin PBXVariantGroup section */
		AEA616571FE752F600FCE42B /* Main.storyboard */ = {
			isa = PBXVariantGroup;
			children = (
				AEA616581FE752F600FCE42B /* Base */,
			);
			name = Main.storyboard;
			sourceTree = "<group>";
		};
		AEA6165C1FE752F600FCE42B /* LaunchScreen.storyboard */ = {
			isa = PBXVariantGroup;
			children = (
				AEA6165D1FE752F600FCE42B /* Base */,
			);
			name = LaunchScreen.storyboard;
			sourceTree = "<group>";
		};
/* End PBXVariantGroup section */

/* Begin XCBuildConfiguration section */
		AEA616781FE752F600FCE42B /* Debug */ = {
			isa = XCBuildConfiguration;
			buildSettings = {
				ALWAYS_SEARCH_USER_PATHS = NO;
				CLANG_ANALYZER_NONNULL = YES;
				CLANG_ANALYZER_NUMBER_OBJECT_CONVERSION = YES_AGGRESSIVE;
				CLANG_CXX_LANGUAGE_STANDARD = "gnu++14";
				CLANG_CXX_LIBRARY = "libc++";
				CLANG_ENABLE_MODULES = YES;
				CLANG_ENABLE_OBJC_ARC = YES;
				CLANG_WARN_BLOCK_CAPTURE_AUTORELEASING = YES;
				CLANG_WARN_BOOL_CONVERSION = YES;
				CLANG_WARN_COMMA = YES;
				CLANG_WARN_CONSTANT_CONVERSION = YES;
				CLANG_WARN_DIRECT_OBJC_ISA_USAGE = YES_ERROR;
				CLANG_WARN_DOCUMENTATION_COMMENTS = YES;
				CLANG_WARN_EMPTY_BODY = YES;
				CLANG_WARN_ENUM_CONVERSION = YES;
				CLANG_WARN_INFINITE_RECURSION = YES;
				CLANG_WARN_INT_CONVERSION = YES;
				CLANG_WARN_NON_LITERAL_NULL_CONVERSION = YES;
				CLANG_WARN_OBJC_LITERAL_CONVERSION = YES;
				CLANG_WARN_OBJC_ROOT_CLASS = YES_ERROR;
				CLANG_WARN_RANGE_LOOP_ANALYSIS = YES;
				CLANG_WARN_STRICT_PROTOTYPES = YES;
				CLANG_WARN_SUSPICIOUS_MOVE = YES;
				CLANG_WARN_UNGUARDED_AVAILABILITY = YES_AGGRESSIVE;
				CLANG_WARN_UNREACHABLE_CODE = YES;
				CLANG_WARN__DUPLICATE_METHOD_MATCH = YES;
				CODE_SIGN_IDENTITY = "iPhone Developer";
				COPY_PHASE_STRIP = NO;
				DEBUG_INFORMATION_FORMAT = dwarf;
				ENABLE_STRICT_OBJC_MSGSEND = YES;
				ENABLE_TESTABILITY = YES;
				GCC_C_LANGUAGE_STANDARD = gnu11;
				GCC_DYNAMIC_NO_PIC = NO;
				GCC_NO_COMMON_BLOCKS = YES;
				GCC_OPTIMIZATION_LEVEL = 0;
				GCC_PREPROCESSOR_DEFINITIONS = (
					"DEBUG=1",
					"$(inherited)",
				);
				GCC_WARN_64_TO_32_BIT_CONVERSION = YES;
				GCC_WARN_ABOUT_RETURN_TYPE = YES_ERROR;
				GCC_WARN_UNDECLARED_SELECTOR = YES;
				GCC_WARN_UNINITIALIZED_AUTOS = YES_AGGRESSIVE;
				GCC_WARN_UNUSED_FUNCTION = YES;
				GCC_WARN_UNUSED_VARIABLE = YES;
				IPHONEOS_DEPLOYMENT_TARGET = 11.0;
				MTL_ENABLE_DEBUG_INFO = YES;
				ONLY_ACTIVE_ARCH = YES;
				SDKROOT = iphoneos;
			};
			name = Debug;
		};
		AEA616791FE752F600FCE42B /* Release */ = {
			isa = XCBuildConfiguration;
			buildSettings = {
				ALWAYS_SEARCH_USER_PATHS = NO;
				CLANG_ANALYZER_NONNULL = YES;
				CLANG_ANALYZER_NUMBER_OBJECT_CONVERSION = YES_AGGRESSIVE;
				CLANG_CXX_LANGUAGE_STANDARD = "gnu++14";
				CLANG_CXX_LIBRARY = "libc++";
				CLANG_ENABLE_MODULES = YES;
				CLANG_ENABLE_OBJC_ARC = YES;
				CLANG_WARN_BLOCK_CAPTURE_AUTORELEASING = YES;
				CLANG_WARN_BOOL_CONVERSION = YES;
				CLANG_WARN_COMMA = YES;
				CLANG_WARN_CONSTANT_CONVERSION = YES;
				CLANG_WARN_DIRECT_OBJC_ISA_USAGE = YES_ERROR;
				CLANG_WARN_DOCUMENTATION_COMMENTS = YES;
				CLANG_WARN_EMPTY_BODY = YES;
				CLANG_WARN_ENUM_CONVERSION = YES;
				CLANG_WARN_INFINITE_RECURSION = YES;
				CLANG_WARN_INT_CONVERSION = YES;
				CLANG_WARN_NON_LITERAL_NULL_CONVERSION = YES;
				CLANG_WARN_OBJC_LITERAL_CONVERSION = YES;
				CLANG_WARN_OBJC_ROOT_CLASS = YES_ERROR;
				CLANG_WARN_RANGE_LOOP_ANALYSIS = YES;
				CLANG_WARN_STRICT_PROTOTYPES = YES;
				CLANG_WARN_SUSPICIOUS_MOVE = YES;
				CLANG_WARN_UNGUARDED_AVAILABILITY = YES_AGGRESSIVE;
				CLANG_WARN_UNREACHABLE_CODE = YES;
				CLANG_WARN__DUPLICATE_METHOD_MATCH = YES;
				CODE_SIGN_IDENTITY = "iPhone Developer";
				COPY_PHASE_STRIP = NO;
				DEBUG_INFORMATION_FORMAT = "dwarf-with-dsym";
				ENABLE_NS_ASSERTIONS = NO;
				ENABLE_STRICT_OBJC_MSGSEND = YES;
				GCC_C_LANGUAGE_STANDARD = gnu11;
				GCC_NO_COMMON_BLOCKS = YES;
				GCC_WARN_64_TO_32_BIT_CONVERSION = YES;
				GCC_WARN_ABOUT_RETURN_TYPE = YES_ERROR;
				GCC_WARN_UNDECLARED_SELECTOR = YES;
				GCC_WARN_UNINITIALIZED_AUTOS = YES_AGGRESSIVE;
				GCC_WARN_UNUSED_FUNCTION = YES;
				GCC_WARN_UNUSED_VARIABLE = YES;
				IPHONEOS_DEPLOYMENT_TARGET = 11.0;
				MTL_ENABLE_DEBUG_INFO = NO;
				SDKROOT = iphoneos;
				VALIDATE_PRODUCT = YES;
			};
			name = Release;
		};
		AEA6167B1FE752F600FCE42B /* Debug */ = {
			isa = XCBuildConfiguration;
			buildSettings = {
				ASSETCATALOG_COMPILER_APPICON_NAME = AppIcon;
				CODE_SIGN_STYLE = Automatic;
				DEVELOPMENT_TEAM = T6H68KJ4WD;
				INFOPLIST_FILE = runtime_test/Info.plist;
				LD_RUNPATH_SEARCH_PATHS = "$(inherited) @executable_path/Frameworks";
				PRODUCT_BUNDLE_IDENTIFIER = "com.toptrend.runtime-test";
				PRODUCT_NAME = "$(TARGET_NAME)";
				TARGETED_DEVICE_FAMILY = "1,2";
			};
			name = Debug;
		};
		AEA6167C1FE752F600FCE42B /* Release */ = {
			isa = XCBuildConfiguration;
			buildSettings = {
				ASSETCATALOG_COMPILER_APPICON_NAME = AppIcon;
				CODE_SIGN_STYLE = Automatic;
				DEVELOPMENT_TEAM = T6H68KJ4WD;
				INFOPLIST_FILE = runtime_test/Info.plist;
				LD_RUNPATH_SEARCH_PATHS = "$(inherited) @executable_path/Frameworks";
				PRODUCT_BUNDLE_IDENTIFIER = "com.toptrend.runtime-test";
				PRODUCT_NAME = "$(TARGET_NAME)";
				TARGETED_DEVICE_FAMILY = "1,2";
			};
			name = Release;
		};
		AEA6167E1FE752F600FCE42B /* Debug */ = {
			isa = XCBuildConfiguration;
			buildSettings = {
				BUNDLE_LOADER = "$(TEST_HOST)";
				CODE_SIGN_STYLE = Automatic;
				DEVELOPMENT_TEAM = T6H68KJ4WD;
				INFOPLIST_FILE = runtime_testTests/Info.plist;
				LD_RUNPATH_SEARCH_PATHS = "$(inherited) @executable_path/Frameworks @loader_path/Frameworks";
				PRODUCT_BUNDLE_IDENTIFIER = "com.toptrend.runtime-testTests";
				PRODUCT_NAME = "$(TARGET_NAME)";
				TARGETED_DEVICE_FAMILY = "1,2";
				TEST_HOST = "$(BUILT_PRODUCTS_DIR)/runtime_test.app/runtime_test";
			};
			name = Debug;
		};
		AEA6167F1FE752F600FCE42B /* Release */ = {
			isa = XCBuildConfiguration;
			buildSettings = {
				BUNDLE_LOADER = "$(TEST_HOST)";
				CODE_SIGN_STYLE = Automatic;
				DEVELOPMENT_TEAM = T6H68KJ4WD;
				INFOPLIST_FILE = runtime_testTests/Info.plist;
				LD_RUNPATH_SEARCH_PATHS = "$(inherited) @executable_path/Frameworks @loader_path/Frameworks";
				PRODUCT_BUNDLE_IDENTIFIER = "com.toptrend.runtime-testTests";
				PRODUCT_NAME = "$(TARGET_NAME)";
				TARGETED_DEVICE_FAMILY = "1,2";
				TEST_HOST = "$(BUILT_PRODUCTS_DIR)/runtime_test.app/runtime_test";
			};
			name = Release;
		};
		AEA616811FE752F600FCE42B /* Debug */ = {
			isa = XCBuildConfiguration;
			buildSettings = {
				CODE_SIGN_STYLE = Automatic;
				DEVELOPMENT_TEAM = T6H68KJ4WD;
				INFOPLIST_FILE = runtime_testUITests/Info.plist;
				LD_RUNPATH_SEARCH_PATHS = "$(inherited) @executable_path/Frameworks @loader_path/Frameworks";
				PRODUCT_BUNDLE_IDENTIFIER = "com.toptrend.runtime-testUITests";
				PRODUCT_NAME = "$(TARGET_NAME)";
				TARGETED_DEVICE_FAMILY = "1,2";
				TEST_TARGET_NAME = runtime_test;
			};
			name = Debug;
		};
		AEA616821FE752F600FCE42B /* Release */ = {
			isa = XCBuildConfiguration;
			buildSettings = {
				CODE_SIGN_STYLE = Automatic;
				DEVELOPMENT_TEAM = T6H68KJ4WD;
				INFOPLIST_FILE = runtime_testUITests/Info.plist;
				LD_RUNPATH_SEARCH_PATHS = "$(inherited) @executable_path/Frameworks @loader_path/Frameworks";
				PRODUCT_BUNDLE_IDENTIFIER = "com.toptrend.runtime-testUITests";
				PRODUCT_NAME = "$(TARGET_NAME)";
				TARGETED_DEVICE_FAMILY = "1,2";
				TEST_TARGET_NAME = runtime_test;
			};
			name = Release;
		};
/* End XCBuildConfiguration section */

/* Begin XCConfigurationList section */
		AEA616491FE752F600FCE42B /* Build configuration list for PBXProject "runtime_test" */ = {
			isa = XCConfigurationList;
			buildConfigurations = (
				AEA616781FE752F600FCE42B /* Debug */,
				AEA616791FE752F600FCE42B /* Release */,
			);
			defaultConfigurationIsVisible = 0;
			defaultConfigurationName = Release;
		};
		AEA6167A1FE752F600FCE42B /* Build configuration list for PBXNativeTarget "runtime_test" */ = {
			isa = XCConfigurationList;
			buildConfigurations = (
				AEA6167B1FE752F600FCE42B /* Debug */,
				AEA6167C1FE752F600FCE42B /* Release */,
			);
			defaultConfigurationIsVisible = 0;
			defaultConfigurationName = Release;
		};
		AEA6167D1FE752F600FCE42B /* Build configuration list for PBXNativeTarget "runtime_testTests" */ = {
			isa = XCConfigurationList;
			buildConfigurations = (
				AEA6167E1FE752F600FCE42B /* Debug */,
				AEA6167F1FE752F600FCE42B /* Release */,
			);
			defaultConfigurationIsVisible = 0;
			defaultConfigurationName = Release;
		};
		AEA616801FE752F600FCE42B /* Build configuration list for PBXNativeTarget "runtime_testUITests" */ = {
			isa = XCConfigurationList;
			buildConfigurations = (
				AEA616811FE752F600FCE42B /* Debug */,
				AEA616821FE752F600FCE42B /* Release */,
			);
			defaultConfigurationIsVisible = 0;
			defaultConfigurationName = Release;
		};
/* End XCConfigurationList section */
	};
	rootObject = AEA616461FE752F600FCE42B /* Project object */;
}
